
Microsoft Visual Studio Solution File, Format Version 12.00
# Visual Studio 15
VisualStudioVersion = 15.0.28307.136
MinimumVisualStudioVersion = 10.0.40219.1
Project("{888888A0-9F3D-457C-B088-3A5042F75D52}") = "单角色挂机", "单角色挂机\单角色挂机.pyproj", "{6FDB266E-AA8B-4862-9098-088740A5B08D}"
EndProject
Global
	GlobalSection(SolutionConfigurationPlatforms) = preSolution
		Debug|Any CPU = Debug|Any CPU
		Release|Any CPU = Release|Any CPU
	EndGlobalSection
	GlobalSection(ProjectConfigurationPlatforms) = postSolution
		{6FDB266E-AA8B-4862-9098-088740A5B08D}.Debug|Any CPU.ActiveCfg = Debug|Any CPU
		{6FDB266E-AA8B-4862-9098-088740A5B08D}.Release|Any CPU.ActiveCfg = Release|Any CPU
	EndGlobalSection
	GlobalSection(SolutionProperties) = preSolution
		HideSolutionNode = FALSE
	EndGlobalSection
	GlobalSection(ExtensibilityGlobals) = postSolution
		SolutionGuid = {3B8E10DC-9ABE-4F8F-9D00-452686DA3A0F}
	EndGlobalSection
EndGlobal
